
Microsoft Visual Studio Solution File, Format Version 12.00
# Visual Studio Version 16
VisualStudioVersion = 16.0.29025.244
MinimumVisualStudioVersion = 10.0.40219.1
Project("{FAE04EC0-301F-11D3-BF4B-00C04F79EFBC}") = "PracticeTest", "PracticeTest\PracticeTest.csproj", "{DCE09B8C-047C-450A-AA62-80F41DEE81BF}"
EndProject
Project("{FAE04EC0-301F-11D3-BF4B-00C04F79EFBC}") = "Practice", "Practice\Practice.csproj", "{2ED14850-6BB3-4AA6-B390-AFA70A0D9156}"
EndProject
Global
	GlobalSection(SolutionConfigurationPlatforms) = preSolution
		Debug|Any CPU = Debug|Any CPU
		Release|Any CPU = Release|Any CPU
	EndGlobalSection
	GlobalSection(ProjectConfigurationPlatforms) = postSolution
		{DCE09B8C-047C-450A-AA62-80F41DEE81BF}.Debug|Any CPU.ActiveCfg = Debug|Any CPU
		{DCE09B8C-047C-450A-AA62-80F41DEE81BF}.Debug|Any CPU.Build.0 = Debug|Any CPU
		{DCE09B8C-047C-450A-AA62-80F41DEE81BF}.Release|Any CPU.ActiveCfg = Release|Any CPU
		{DCE09B8C-047C-450A-AA62-80F41DEE81BF}.Release|Any CPU.Build.0 = Release|Any CPU
		{2ED14850-6BB3-4AA6-B390-AFA70A0D9156}.Debug|Any CPU.ActiveCfg = Debug|Any CPU
		{2ED14850-6BB3-4AA6-B390-AFA70A0D9156}.Debug|Any CPU.Build.0 = Debug|Any CPU
		{2ED14850-6BB3-4AA6-B390-AFA70A0D9156}.Release|Any CPU.ActiveCfg = Release|Any CPU
		{2ED14850-6BB3-4AA6-B390-AFA70A0D9156}.Release|Any CPU.Build.0 = Release|Any CPU
	EndGlobalSection
	GlobalSection(SolutionProperties) = preSolution
		HideSolutionNode = FALSE
	EndGlobalSection
	GlobalSection(ExtensibilityGlobals) = postSolution
		SolutionGuid = {24E7E762-C175-4FE0-A2A4-545C9F8EEA9E}
	EndGlobalSection
EndGlobal
